
Microsoft Visual Studio Solution File, Format Version 12.00
# Visual Studio 2015
Project("{FAE04EC0-301F-11D3-BF4B-00C04F79EFBC}") = "Glorious Knights_prototype_v.CSharp", "Glorious Knights_prototype_v.CSharp.csproj", "{A46ACF23-424E-5ADC-4FA4-70A3C10732B9}"
EndProject
Project("{FAE04EC0-301F-11D3-BF4B-00C04F79EFBC}") = "Glorious Knights_prototype_v.CSharp.Editor", "Glorious Knights_prototype_v.CSharp.Editor.csproj", "{52DBCFC7-C5DC-A19C-AB74-3F2274031082}"
EndProject
Global
	GlobalSection(SolutionConfigurationPlatforms) = preSolution
		Debug|Any CPU = Debug|Any CPU
		Release|Any CPU = Release|Any CPU
	EndGlobalSection
	GlobalSection(ProjectConfigurationPlatforms) = postSolution
		{A46ACF23-424E-5ADC-4FA4-70A3C10732B9}.Debug|Any CPU.ActiveCfg = Debug|Any CPU
		{A46ACF23-424E-5ADC-4FA4-70A3C10732B9}.Debug|Any CPU.Build.0 = Debug|Any CPU
		{A46ACF23-424E-5ADC-4FA4-70A3C10732B9}.Release|Any CPU.ActiveCfg = Release|Any CPU
		{A46ACF23-424E-5ADC-4FA4-70A3C10732B9}.Release|Any CPU.Build.0 = Release|Any CPU
		{52DBCFC7-C5DC-A19C-AB74-3F2274031082}.Debug|Any CPU.ActiveCfg = Debug|Any CPU
		{52DBCFC7-C5DC-A19C-AB74-3F2274031082}.Debug|Any CPU.Build.0 = Debug|Any CPU
		{52DBCFC7-C5DC-A19C-AB74-3F2274031082}.Release|Any CPU.ActiveCfg = Release|Any CPU
		{52DBCFC7-C5DC-A19C-AB74-3F2274031082}.Release|Any CPU.Build.0 = Release|Any CPU
	EndGlobalSection
	GlobalSection(SolutionProperties) = preSolution
		HideSolutionNode = FALSE
	EndGlobalSection
EndGlobal
