
Microsoft Visual Studio Solution File, Format Version 12.00
# Visual Studio 2015
Project("{FAE04EC0-301F-11D3-BF4B-00C04F79EFBC}") = "Glorious Knights_prototype_v6.2.CSharp", "Glorious Knights_prototype_v6.2.CSharp.csproj", "{0C74CD72-02C0-0C8C-ECC5-9A45BE21F485}"
EndProject
Project("{FAE04EC0-301F-11D3-BF4B-00C04F79EFBC}") = "Glorious Knights_prototype_v6.2.CSharp.Editor", "Glorious Knights_prototype_v6.2.CSharp.Editor.csproj", "{C6E2982D-69F8-FA3E-EE63-749BD2076AE0}"
EndProject
Global
	GlobalSection(SolutionConfigurationPlatforms) = preSolution
		Debug|Any CPU = Debug|Any CPU
		Release|Any CPU = Release|Any CPU
	EndGlobalSection
	GlobalSection(ProjectConfigurationPlatforms) = postSolution
		{0C74CD72-02C0-0C8C-ECC5-9A45BE21F485}.Debug|Any CPU.ActiveCfg = Debug|Any CPU
		{0C74CD72-02C0-0C8C-ECC5-9A45BE21F485}.Debug|Any CPU.Build.0 = Debug|Any CPU
		{0C74CD72-02C0-0C8C-ECC5-9A45BE21F485}.Release|Any CPU.ActiveCfg = Release|Any CPU
		{0C74CD72-02C0-0C8C-ECC5-9A45BE21F485}.Release|Any CPU.Build.0 = Release|Any CPU
		{C6E2982D-69F8-FA3E-EE63-749BD2076AE0}.Debug|Any CPU.ActiveCfg = Debug|Any CPU
		{C6E2982D-69F8-FA3E-EE63-749BD2076AE0}.Debug|Any CPU.Build.0 = Debug|Any CPU
		{C6E2982D-69F8-FA3E-EE63-749BD2076AE0}.Release|Any CPU.ActiveCfg = Release|Any CPU
		{C6E2982D-69F8-FA3E-EE63-749BD2076AE0}.Release|Any CPU.Build.0 = Release|Any CPU
	EndGlobalSection
	GlobalSection(SolutionProperties) = preSolution
		HideSolutionNode = FALSE
	EndGlobalSection
EndGlobal
