Microsoft Visual Studio Solution File, Format Version 11.00
# Visual Studio 2008

Project("{E7182CCD-16F7-A11C-9605-D03CB00F7A68}") = "Glorious Knights", "Assembly-CSharp.csproj", "{AF104775-0AB5-B61E-AFB2-D40717D0B769}"
EndProject
Project("{E7182CCD-16F7-A11C-9605-D03CB00F7A68}") = "Glorious Knights", "Assembly-CSharp-Editor.csproj", "{D837BACE-C893-6430-DAB3-B1680C748340}"
EndProject
Global
	GlobalSection(SolutionConfigurationPlatforms) = preSolution
		Debug|Any CPU = Debug|Any CPU
		Release|Any CPU = Release|Any CPU
	EndGlobalSection
	GlobalSection(ProjectConfigurationPlatforms) = postSolution
		{AF104775-0AB5-B61E-AFB2-D40717D0B769}.Debug|Any CPU.ActiveCfg = Debug|Any CPU
		{AF104775-0AB5-B61E-AFB2-D40717D0B769}.Debug|Any CPU.Build.0 = Debug|Any CPU
		{AF104775-0AB5-B61E-AFB2-D40717D0B769}.Release|Any CPU.ActiveCfg = Release|Any CPU
		{AF104775-0AB5-B61E-AFB2-D40717D0B769}.Release|Any CPU.Build.0 = Release|Any CPU
		{D837BACE-C893-6430-DAB3-B1680C748340}.Debug|Any CPU.ActiveCfg = Debug|Any CPU
		{D837BACE-C893-6430-DAB3-B1680C748340}.Debug|Any CPU.Build.0 = Debug|Any CPU
		{D837BACE-C893-6430-DAB3-B1680C748340}.Release|Any CPU.ActiveCfg = Release|Any CPU
		{D837BACE-C893-6430-DAB3-B1680C748340}.Release|Any CPU.Build.0 = Release|Any CPU
	EndGlobalSection
	GlobalSection(SolutionProperties) = preSolution
		HideSolutionNode = FALSE
	EndGlobalSection
																																																																																				GlobalSection(MonoDevelopProperties) = preSolution
		StartupItem = Assembly-CSharp.csproj
		Policies = $0
		$0.TextStylePolicy = $1
		$1.inheritsSet = null
		$1.scope = text/x-csharp
		$0.CSharpFormattingPolicy = $2
		$2.inheritsSet = Mono
		$2.inheritsScope = text/x-csharp
		$2.scope = text/x-csharp
		$0.TextStylePolicy = $3
		$3.FileWidth = 120
		$3.TabWidth = 4
		$3.IndentWidth = 4
		$3.EolMarker = Unix
		$3.inheritsSet = Mono
		$3.inheritsScope = text/plain
		$3.scope = text/plain
	EndGlobalSection

EndGlobal
